
Microsoft Visual Studio Solution File, Format Version 12.00
# Visual Studio Version 16
VisualStudioVersion = 16.0.30621.155
MinimumVisualStudioVersion = 10.0.40219.1
Project("{9A19103F-16F7-4668-BE54-9A1E7A4F7556}") = "TimeTimePeriod", "TimeTimePeriod\TimeTimePeriod.csproj", "{CF8C2575-90F7-43F6-90AB-949791160460}"
EndProject
Project("{FAE04EC0-301F-11D3-BF4B-00C04F79EFBC}") = "TimeTimePeriodTests", "TimeTimePeriodTests\TimeTimePeriodTests.csproj", "{ACF27444-B6BB-44FC-A35C-9120FBB060DE}"
EndProject
Global
	GlobalSection(SolutionConfigurationPlatforms) = preSolution
		Debug|Any CPU = Debug|Any CPU
		Release|Any CPU = Release|Any CPU
	EndGlobalSection
	GlobalSection(ProjectConfigurationPlatforms) = postSolution
		{CF8C2575-90F7-43F6-90AB-949791160460}.Debug|Any CPU.ActiveCfg = Debug|Any CPU
		{CF8C2575-90F7-43F6-90AB-949791160460}.Debug|Any CPU.Build.0 = Debug|Any CPU
		{CF8C2575-90F7-43F6-90AB-949791160460}.Release|Any CPU.ActiveCfg = Release|Any CPU
		{CF8C2575-90F7-43F6-90AB-949791160460}.Release|Any CPU.Build.0 = Release|Any CPU
		{ACF27444-B6BB-44FC-A35C-9120FBB060DE}.Debug|Any CPU.ActiveCfg = Debug|Any CPU
		{ACF27444-B6BB-44FC-A35C-9120FBB060DE}.Debug|Any CPU.Build.0 = Debug|Any CPU
		{ACF27444-B6BB-44FC-A35C-9120FBB060DE}.Release|Any CPU.ActiveCfg = Release|Any CPU
		{ACF27444-B6BB-44FC-A35C-9120FBB060DE}.Release|Any CPU.Build.0 = Release|Any CPU
	EndGlobalSection
	GlobalSection(SolutionProperties) = preSolution
		HideSolutionNode = FALSE
	EndGlobalSection
	GlobalSection(ExtensibilityGlobals) = postSolution
		SolutionGuid = {F8061C44-9974-4E7D-AF28-F234E7EE350A}
	EndGlobalSection
EndGlobal
